// !$*UTF8*$!
{
	archiveVersion = 1;
	classes = {
	};
	objectVersion = 56;
	objects = {

/* Begin PBXBuildFile section */
		71977091A193586EBAC44C2C /* Pods_RMDiary.framework in Frameworks */ = {isa = PBXBuildFile; fileRef = 19765FD2BCD89A6EC9513021 /* Pods_RMDiary.framework */; };
		A293CA7F2A533B5D007035BA /* AppDelegate.swift in Sources */ = {isa = PBXBuildFile; fileRef = A293CA7E2A533B5D007035BA /* AppDelegate.swift */; };
		A293CA832A533B5D007035BA /* ViewController.swift in Sources */ = {isa = PBXBuildFile; fileRef = A293CA822A533B5D007035BA /* ViewController.swift */; };
		A293CA862A533B5D007035BA /* Main.storyboard in Resources */ = {isa = PBXBuildFile; fileRef = A293CA842A533B5D007035BA /* Main.storyboard */; };
		A293CA882A533B5D007035BA /* Assets.xcassets in Resources */ = {isa = PBXBuildFile; fileRef = A293CA872A533B5D007035BA /* Assets.xcassets */; };
		A293CA8B2A533B5D007035BA /* LaunchScreen.storyboard in Resources */ = {isa = PBXBuildFile; fileRef = A293CA892A533B5D007035BA /* LaunchScreen.storyboard */; };
/* End PBXBuildFile section */

/* Begin PBXFileReference section */
		0E63027381FC74E205F194C9 /* Pods-RMDiary.debug.xcconfig */ = {isa = PBXFileReference; includeInIndex = 1; lastKnownFileType = text.xcconfig; name = "Pods-RMDiary.debug.xcconfig"; path = "Target Support Files/Pods-RMDiary/Pods-RMDiary.debug.xcconfig"; sourceTree = "<group>"; };
		19765FD2BCD89A6EC9513021 /* Pods_RMDiary.framework */ = {isa = PBXFileReference; explicitFileType = wrapper.framework; includeInIndex = 0; path = Pods_RMDiary.framework; sourceTree = BUILT_PRODUCTS_DIR; };
		A293CA7B2A533B5D007035BA /* RMDiary.app */ = {isa = PBXFileReference; explicitFileType = wrapper.application; includeInIndex = 0; path = RMDiary.app; sourceTree = BUILT_PRODUCTS_DIR; };
		A293CA7E2A533B5D007035BA /* AppDelegate.swift */ = {isa = PBXFileReference; lastKnownFileType = sourcecode.swift; path = AppDelegate.swift; sourceTree = "<group>"; };
		A293CA822A533B5D007035BA /* ViewController.swift */ = {isa = PBXFileReference; lastKnownFileType = sourcecode.swift; path = ViewController.swift; sourceTree = "<group>"; };
		A293CA852A533B5D007035BA /* Base */ = {isa = PBXFileReference; lastKnownFileType = file.storyboard; name = Base; path = Base.lproj/Main.storyboard; sourceTree = "<group>"; };
		A293CA872A533B5D007035BA /* Assets.xcassets */ = {isa = PBXFileReference; lastKnownFileType = folder.assetcatalog; path = Assets.xcassets; sourceTree = "<group>"; };
		A293CA8A2A533B5D007035BA /* Base */ = {isa = PBXFileReference; lastKnownFileType = file.storyboard; name = Base; path = Base.lproj/LaunchScreen.storyboard; sourceTree = "<group>"; };
		A293CA8C2A533B5D007035BA /* Info.plist */ = {isa = PBXFileReference; lastKnownFileType = text.plist.xml; path = Info.plist; sourceTree = "<group>"; };
		D7941D0728473F50771D9FD9 /* Pods-RMDiary.release.xcconfig */ = {isa = PBXFileReference; includeInIndex = 1; lastKnownFileType = text.xcconfig; name = "Pods-RMDiary.release.xcconfig"; path = "Target Support Files/Pods-RMDiary/Pods-RMDiary.release.xcconfig"; sourceTree = "<group>"; };
/* End PBXFileReference section */

/* Begin PBXFrameworksBuildPhase section */
		A293CA782A533B5D007035BA /* Frameworks */ = {
			isa = PBXFrameworksBuildPhase;
			buildActionMask = 2147483647;
			files = (
				71977091A193586EBAC44C2C /* Pods_RMDiary.framework in Frameworks */,
			);
			runOnlyForDeploymentPostprocessing = 0;
		};
/* End PBXFrameworksBuildPhase section */

/* Begin PBXGroup section */
		7C2BD0810056CEEECD4E025F /* Frameworks */ = {
			isa = PBXGroup;
			children = (
				19765FD2BCD89A6EC9513021 /* Pods_RMDiary.framework */,
			);
			name = Frameworks;
			sourceTree = "<group>";
		};
		A265AE1973EF997A36A49434 /* Pods */ = {
			isa = PBXGroup;
			children = (
				0E63027381FC74E205F194C9 /* Pods-RMDiary.debug.xcconfig */,
				D7941D0728473F50771D9FD9 /* Pods-RMDiary.release.xcconfig */,
			);
			path = Pods;
			sourceTree = "<group>";
		};
		A293CA722A533B5D007035BA = {
			isa = PBXGroup;
			children = (
				A293CA7D2A533B5D007035BA /* RMDiary */,
				A293CA7C2A533B5D007035BA /* Products */,
				A265AE1973EF997A36A49434 /* Pods */,
				7C2BD0810056CEEECD4E025F /* Frameworks */,
			);
			sourceTree = "<group>";
		};
		A293CA7C2A533B5D007035BA /* Products */ = {
			isa = PBXGroup;
			children = (
				A293CA7B2A533B5D007035BA /* RMDiary.app */,
			);
			name = Products;
			sourceTree = "<group>";
		};
		A293CA7D2A533B5D007035BA /* RMDiary */ = {
			isa = PBXGroup;
			children = (
				A293CA7E2A533B5D007035BA /* AppDelegate.swift */,
				A293CA822A533B5D007035BA /* ViewController.swift */,
				A293CA842A533B5D007035BA /* Main.storyboard */,
				A293CA872A533B5D007035BA /* Assets.xcassets */,
				A293CA892A533B5D007035BA /* LaunchScreen.storyboard */,
				A293CA8C2A533B5D007035BA /* Info.plist */,
			);
			path = RMDiary;
			sourceTree = "<group>";
		};
/* End PBXGroup section */

/* Begin PBXNativeTarget section */
		A293CA7A2A533B5D007035BA /* RMDiary */ = {
			isa = PBXNativeTarget;
			buildConfigurationList = A293CA8F2A533B5D007035BA /* Build configuration list for PBXNativeTarget "RMDiary" */;
			buildPhases = (
				0493E41BD88C1EBC3B67EE8B /* [CP] Check Pods Manifest.lock */,
				A293CA772A533B5D007035BA /* Sources */,
				A293CA782A533B5D007035BA /* Frameworks */,
				A293CA792A533B5D007035BA /* Resources */,
				A293CA922A535125007035BA /* ShellScript */,
			);
			buildRules = (
			);
			dependencies = (
			);
			name = RMDiary;
			productName = RMDiary;
			productReference = A293CA7B2A533B5D007035BA /* RMDiary.app */;
			productType = "com.apple.product-type.application";
		};
/* End PBXNativeTarget section */

/* Begin PBXProject section */
		A293CA732A533B5D007035BA /* Project object */ = {
			isa = PBXProject;
			attributes = {
				BuildIndependentTargetsInParallel = 1;
				LastSwiftUpdateCheck = 1430;
				LastUpgradeCheck = 1430;
				TargetAttributes = {
					A293CA7A2A533B5D007035BA = {
						CreatedOnToolsVersion = 14.3;
					};
				};
			};
			buildConfigurationList = A293CA762A533B5D007035BA /* Build configuration list for PBXProject "RMDiary" */;
			compatibilityVersion = "Xcode 14.0";
			developmentRegion = en;
			hasScannedForEncodings = 0;
			knownRegions = (
				en,
				Base,
			);
			mainGroup = A293CA722A533B5D007035BA;
			productRefGroup = A293CA7C2A533B5D007035BA /* Products */;
			projectDirPath = "";
			projectRoot = "";
			targets = (
				A293CA7A2A533B5D007035BA /* RMDiary */,
			);
		};
/* End PBXProject section */

/* Begin PBXResourcesBuildPhase section */
		A293CA792A533B5D007035BA /* Resources */ = {
			isa = PBXResourcesBuildPhase;
			buildActionMask = 2147483647;
			files = (
				A293CA8B2A533B5D007035BA /* LaunchScreen.storyboard in Resources */,
				A293CA882A533B5D007035BA /* Assets.xcassets in Resources */,
				A293CA862A533B5D007035BA /* Main.storyboard in Resources */,
			);
			runOnlyForDeploymentPostprocessing = 0;
		};
/* End PBXResourcesBuildPhase section */

/* Begin PBXShellScriptBuildPhase section */
		0493E41BD88C1EBC3B67EE8B /* [CP] Check Pods Manifest.lock */ = {
			isa = PBXShellScriptBuildPhase;
			buildActionMask = 2147483647;
			files = (
			);
			inputFileListPaths = (
			);
			inputPaths = (
				"${PODS_PODFILE_DIR_PATH}/Podfile.lock",
				"${PODS_ROOT}/Manifest.lock",
			);
			name = "[CP] Check Pods Manifest.lock";
			outputFileListPaths = (
			);
			outputPaths = (
				"$(DERIVED_FILE_DIR)/Pods-RMDiary-checkManifestLockResult.txt",
			);
			runOnlyForDeploymentPostprocessing = 0;
			shellPath = /bin/sh;
			shellScript = "diff \"${PODS_PODFILE_DIR_PATH}/Podfile.lock\" \"${PODS_ROOT}/Manifest.lock\" > /dev/null\nif [ $? != 0 ] ; then\n    # print error to STDERR\n    echo \"error: The sandbox is not in sync with the Podfile.lock. Run 'pod install' or update your CocoaPods installation.\" >&2\n    exit 1\nfi\n# This output is used by Xcode 'outputs' to avoid re-running this script phase.\necho \"SUCCESS\" > \"${SCRIPT_OUTPUT_FILE_0}\"\n";
			showEnvVarsInLog = 0;
		};
		A293CA922A535125007035BA /* ShellScript */ = {
			isa = PBXShellScriptBuildPhase;
			buildActionMask = 2147483647;
			files = (
			);
			inputFileListPaths = (
			);
			inputPaths = (
			);
			outputFileListPaths = (
			);
			outputPaths = (
			);
			runOnlyForDeploymentPostprocessing = 0;
			shellPath = /bin/sh;
			shellScript = "\"${PODS_ROOT}/SwiftLint/swiftlint\"\n";
		};
/* End PBXShellScriptBuildPhase section */

/* Begin PBXSourcesBuildPhase section */
		A293CA772A533B5D007035BA /* Sources */ = {
			isa = PBXSourcesBuildPhase;
			buildActionMask = 2147483647;
			files = (
				A293CA832A533B5D007035BA /* ViewController.swift in Sources */,
				A293CA7F2A533B5D007035BA /* AppDelegate.swift in Sources */,
			);
			runOnlyForDeploymentPostprocessing = 0;
		};
/* End PBXSourcesBuildPhase section */

/* Begin PBXVariantGroup section */
		A293CA842A533B5D007035BA /* Main.storyboard */ = {
			isa = PBXVariantGroup;
			children = (
				A293CA852A533B5D007035BA /* Base */,
			);
			name = Main.storyboard;
			sourceTree = "<group>";
		};
		A293CA892A533B5D007035BA /* LaunchScreen.storyboard */ = {
			isa = PBXVariantGroup;
			children = (
				A293CA8A2A533B5D007035BA /* Base */,
			);
			name = LaunchScreen.storyboard;
			sourceTree = "<group>";
		};
/* End PBXVariantGroup section */

/* Begin XCBuildConfiguration section */
		A293CA8D2A533B5D007035BA /* Debug */ = {
			isa = XCBuildConfiguration;
			buildSettings = {
				ALWAYS_SEARCH_USER_PATHS = NO;
				CLANG_ANALYZER_NONNULL = YES;
				CLANG_ANALYZER_NUMBER_OBJECT_CONVERSION = YES_AGGRESSIVE;
				CLANG_CXX_LANGUAGE_STANDARD = "gnu++20";
				CLANG_ENABLE_MODULES = YES;
				CLANG_ENABLE_OBJC_ARC = YES;
				CLANG_ENABLE_OBJC_WEAK = YES;
				CLANG_WARN_BLOCK_CAPTURE_AUTORELEASING = YES;
				CLANG_WARN_BOOL_CONVERSION = YES;
				CLANG_WARN_COMMA = YES;
				CLANG_WARN_CONSTANT_CONVERSION = YES;
				CLANG_WARN_DEPRECATED_OBJC_IMPLEMENTATIONS = YES;
				CLANG_WARN_DIRECT_OBJC_ISA_USAGE = YES_ERROR;
				CLANG_WARN_DOCUMENTATION_COMMENTS = YES;
				CLANG_WARN_EMPTY_BODY = YES;
				CLANG_WARN_ENUM_CONVERSION = YES;
				CLANG_WARN_INFINITE_RECURSION = YES;
				CLANG_WARN_INT_CONVERSION = YES;
				CLANG_WARN_NON_LITERAL_NULL_CONVERSION = YES;
				CLANG_WARN_OBJC_IMPLICIT_RETAIN_SELF = YES;
				CLANG_WARN_OBJC_LITERAL_CONVERSION = YES;
				CLANG_WARN_OBJC_ROOT_CLASS = YES_ERROR;
				CLANG_WARN_QUOTED_INCLUDE_IN_FRAMEWORK_HEADER = YES;
				CLANG_WARN_RANGE_LOOP_ANALYSIS = YES;
				CLANG_WARN_STRICT_PROTOTYPES = YES;
				CLANG_WARN_SUSPICIOUS_MOVE = YES;
				CLANG_WARN_UNGUARDED_AVAILABILITY = YES_AGGRESSIVE;
				CLANG_WARN_UNREACHABLE_CODE = YES;
				CLANG_WARN__DUPLICATE_METHOD_MATCH = YES;
				COPY_PHASE_STRIP = NO;
				DEBUG_INFORMATION_FORMAT = dwarf;
				ENABLE_STRICT_OBJC_MSGSEND = YES;
				ENABLE_TESTABILITY = YES;
				GCC_C_LANGUAGE_STANDARD = gnu11;
				GCC_DYNAMIC_NO_PIC = NO;
				GCC_NO_COMMON_BLOCKS = YES;
				GCC_OPTIMIZATION_LEVEL = 0;
				GCC_PREPROCESSOR_DEFINITIONS = (
					"DEBUG=1",
					"$(inherited)",
				);
				GCC_WARN_64_TO_32_BIT_CONVERSION = YES;
				GCC_WARN_ABOUT_RETURN_TYPE = YES_ERROR;
				GCC_WARN_UNDECLARED_SELECTOR = YES;
				GCC_WARN_UNINITIALIZED_AUTOS = YES_AGGRESSIVE;
				GCC_WARN_UNUSED_FUNCTION = YES;
				GCC_WARN_UNUSED_VARIABLE = YES;
				IPHONEOS_DEPLOYMENT_TARGET = 12.0;
				MTL_ENABLE_DEBUG_INFO = INCLUDE_SOURCE;
				MTL_FAST_MATH = YES;
				ONLY_ACTIVE_ARCH = YES;
				SDKROOT = iphoneos;
				SWIFT_ACTIVE_COMPILATION_CONDITIONS = DEBUG;
				SWIFT_OPTIMIZATION_LEVEL = "-Onone";
			};
			name = Debug;
		};
		A293CA8E2A533B5D007035BA /* Release */ = {
			isa = XCBuildConfiguration;
			buildSettings = {
				ALWAYS_SEARCH_USER_PATHS = NO;
				CLANG_ANALYZER_NONNULL = YES;
				CLANG_ANALYZER_NUMBER_OBJECT_CONVERSION = YES_AGGRESSIVE;
				CLANG_CXX_LANGUAGE_STANDARD = "gnu++20";
				CLANG_ENABLE_MODULES = YES;
				CLANG_ENABLE_OBJC_ARC = YES;
				CLANG_ENABLE_OBJC_WEAK = YES;
				CLANG_WARN_BLOCK_CAPTURE_AUTORELEASING = YES;
				CLANG_WARN_BOOL_CONVERSION = YES;
				CLANG_WARN_COMMA = YES;
				CLANG_WARN_CONSTANT_CONVERSION = YES;
				CLANG_WARN_DEPRECATED_OBJC_IMPLEMENTATIONS = YES;
				CLANG_WARN_DIRECT_OBJC_ISA_USAGE = YES_ERROR;
				CLANG_WARN_DOCUMENTATION_COMMENTS = YES;
				CLANG_WARN_EMPTY_BODY = YES;
				CLANG_WARN_ENUM_CONVERSION = YES;
				CLANG_WARN_INFINITE_RECURSION = YES;
				CLANG_WARN_INT_CONVERSION = YES;
				CLANG_WARN_NON_LITERAL_NULL_CONVERSION = YES;
				CLANG_WARN_OBJC_IMPLICIT_RETAIN_SELF = YES;
				CLANG_WARN_OBJC_LITERAL_CONVERSION = YES;
				CLANG_WARN_OBJC_ROOT_CLASS = YES_ERROR;
				CLANG_WARN_QUOTED_INCLUDE_IN_FRAMEWORK_HEADER = YES;
				CLANG_WARN_RANGE_LOOP_ANALYSIS = YES;
				CLANG_WARN_STRICT_PROTOTYPES = YES;
				CLANG_WARN_SUSPICIOUS_MOVE = YES;
				CLANG_WARN_UNGUARDED_AVAILABILITY = YES_AGGRESSIVE;
				CLANG_WARN_UNREACHABLE_CODE = YES;
				CLANG_WARN__DUPLICATE_METHOD_MATCH = YES;
				COPY_PHASE_STRIP = NO;
				DEBUG_INFORMATION_FORMAT = "dwarf-with-dsym";
				ENABLE_NS_ASSERTIONS = NO;
				ENABLE_STRICT_OBJC_MSGSEND = YES;
				GCC_C_LANGUAGE_STANDARD = gnu11;
				GCC_NO_COMMON_BLOCKS = YES;
				GCC_WARN_64_TO_32_BIT_CONVERSION = YES;
				GCC_WARN_ABOUT_RETURN_TYPE = YES_ERROR;
				GCC_WARN_UNDECLARED_SELECTOR = YES;
				GCC_WARN_UNINITIALIZED_AUTOS = YES_AGGRESSIVE;
				GCC_WARN_UNUSED_FUNCTION = YES;
				GCC_WARN_UNUSED_VARIABLE = YES;
				IPHONEOS_DEPLOYMENT_TARGET = 12.0;
				MTL_ENABLE_DEBUG_INFO = NO;
				MTL_FAST_MATH = YES;
				SDKROOT = iphoneos;
				SWIFT_COMPILATION_MODE = wholemodule;
				SWIFT_OPTIMIZATION_LEVEL = "-O";
				VALIDATE_PRODUCT = YES;
			};
			name = Release;
		};
		A293CA902A533B5D007035BA /* Debug */ = {
			isa = XCBuildConfiguration;
			baseConfigurationReference = 0E63027381FC74E205F194C9 /* Pods-RMDiary.debug.xcconfig */;
			buildSettings = {
				ASSETCATALOG_COMPILER_APPICON_NAME = AppIcon;
				ASSETCATALOG_COMPILER_GLOBAL_ACCENT_COLOR_NAME = AccentColor;
				CODE_SIGN_STYLE = Automatic;
				CURRENT_PROJECT_VERSION = 1;
				DEVELOPMENT_TEAM = S75KQYF72G;
				GENERATE_INFOPLIST_FILE = YES;
				INFOPLIST_FILE = RMDiary/Info.plist;
				INFOPLIST_KEY_UIApplicationSupportsIndirectInputEvents = YES;
				INFOPLIST_KEY_UILaunchStoryboardName = LaunchScreen;
				INFOPLIST_KEY_UISupportedInterfaceOrientations = UIInterfaceOrientationPortrait;
				IPHONEOS_DEPLOYMENT_TARGET = 12.0;
				LD_RUNPATH_SEARCH_PATHS = (
					"$(inherited)",
					"@executable_path/Frameworks",
				);
				MARKETING_VERSION = 1.0;
				PRODUCT_BUNDLE_IDENTIFIER = renatyrn.RMDiary;
				PRODUCT_NAME = "$(TARGET_NAME)";
				SUPPORTED_PLATFORMS = "iphoneos iphonesimulator";
				SUPPORTS_MACCATALYST = NO;
				SUPPORTS_MAC_DESIGNED_FOR_IPHONE_IPAD = NO;
				SWIFT_EMIT_LOC_STRINGS = YES;
				SWIFT_VERSION = 5.0;
				TARGETED_DEVICE_FAMILY = 1;
			};
			name = Debug;
		};
		A293CA912A533B5D007035BA /* Release */ = {
			isa = XCBuildConfiguration;
			baseConfigurationReference = D7941D0728473F50771D9FD9 /* Pods-RMDiary.release.xcconfig */;
			buildSettings = {
				ASSETCATALOG_COMPILER_APPICON_NAME = AppIcon;
				ASSETCATALOG_COMPILER_GLOBAL_ACCENT_COLOR_NAME = AccentColor;
				CODE_SIGN_STYLE = Automatic;
				CURRENT_PROJECT_VERSION = 1;
				DEVELOPMENT_TEAM = S75KQYF72G;
				GENERATE_INFOPLIST_FILE = YES;
				INFOPLIST_FILE = RMDiary/Info.plist;
				INFOPLIST_KEY_UIApplicationSupportsIndirectInputEvents = YES;
				INFOPLIST_KEY_UILaunchStoryboardName = LaunchScreen;
				INFOPLIST_KEY_UISupportedInterfaceOrientations = UIInterfaceOrientationPortrait;
				IPHONEOS_DEPLOYMENT_TARGET = 12.0;
				LD_RUNPATH_SEARCH_PATHS = (
					"$(inherited)",
					"@executable_path/Frameworks",
				);
				MARKETING_VERSION = 1.0;
				PRODUCT_BUNDLE_IDENTIFIER = renatyrn.RMDiary;
				PRODUCT_NAME = "$(TARGET_NAME)";
				SUPPORTED_PLATFORMS = "iphoneos iphonesimulator";
				SUPPORTS_MACCATALYST = NO;
				SUPPORTS_MAC_DESIGNED_FOR_IPHONE_IPAD = NO;
				SWIFT_EMIT_LOC_STRINGS = YES;
				SWIFT_VERSION = 5.0;
				TARGETED_DEVICE_FAMILY = 1;
			};
			name = Release;
		};
/* End XCBuildConfiguration section */

/* Begin XCConfigurationList section */
		A293CA762A533B5D007035BA /* Build configuration list for PBXProject "RMDiary" */ = {
			isa = XCConfigurationList;
			buildConfigurations = (
				A293CA8D2A533B5D007035BA /* Debug */,
				A293CA8E2A533B5D007035BA /* Release */,
			);
			defaultConfigurationIsVisible = 0;
			defaultConfigurationName = Release;
		};
		A293CA8F2A533B5D007035BA /* Build configuration list for PBXNativeTarget "RMDiary" */ = {
			isa = XCConfigurationList;
			buildConfigurations = (
				A293CA902A533B5D007035BA /* Debug */,
				A293CA912A533B5D007035BA /* Release */,
			);
			defaultConfigurationIsVisible = 0;
			defaultConfigurationName = Release;
		};
/* End XCConfigurationList section */
	};
	rootObject = A293CA732A533B5D007035BA /* Project object */;
}
